
Microsoft Visual Studio Solution File, Format Version 12.00
# Visual Studio Version 17
VisualStudioVersion = 17.14.36623.8 d17.14
MinimumVisualStudioVersion = 10.0.40219.1
Project("{FAE04EC0-301F-11D3-BF4B-00C04F79EFBC}") = "AdministrationProgram", "AdministrationProgram.csproj", "{1E3723FE-B93A-48A1-909F-8ABB984E45CF}"
EndProject
Global
	GlobalSection(SolutionConfigurationPlatforms) = preSolution
		Debug|Any CPU = Debug|Any CPU
		Release|Any CPU = Release|Any CPU
	EndGlobalSection
	GlobalSection(ProjectConfigurationPlatforms) = postSolution
		{1E3723FE-B93A-48A1-909F-8ABB984E45CF}.Debug|Any CPU.ActiveCfg = Debug|Any CPU
		{1E3723FE-B93A-48A1-909F-8ABB984E45CF}.Debug|Any CPU.Build.0 = Debug|Any CPU
		{1E3723FE-B93A-48A1-909F-8ABB984E45CF}.Release|Any CPU.ActiveCfg = Release|Any CPU
		{1E3723FE-B93A-48A1-909F-8ABB984E45CF}.Release|Any CPU.Build.0 = Release|Any CPU
	EndGlobalSection
	GlobalSection(SolutionProperties) = preSolution
		HideSolutionNode = FALSE
	EndGlobalSection
	GlobalSection(ExtensibilityGlobals) = postSolution
		SolutionGuid = {A454EBD2-389A-4EA0-AB49-3D87D431F2C5}
	EndGlobalSection
EndGlobal
